
Microsoft Visual Studio Solution File, Format Version 12.00
# Visual Studio Version 17
VisualStudioVersion = 17.9.34902.65
MinimumVisualStudioVersion = 10.0.40219.1
Project("{FAE04EC0-301F-11D3-BF4B-00C04F79EFBC}") = "CS_EF_Atsiskaitymas_Studentu_Informacine_Sistema", "CS_EF_Atsiskaitymas_Studentu_Informacine_Sistema\CS_EF_Atsiskaitymas_Studentu_Informacine_Sistema.csproj", "{9EC63488-FFDA-4335-B7D9-573FD5303172}"
EndProject
Global
	GlobalSection(SolutionConfigurationPlatforms) = preSolution
		Debug|Any CPU = Debug|Any CPU
		Release|Any CPU = Release|Any CPU
	EndGlobalSection
	GlobalSection(ProjectConfigurationPlatforms) = postSolution
		{9EC63488-FFDA-4335-B7D9-573FD5303172}.Debug|Any CPU.ActiveCfg = Debug|Any CPU
		{9EC63488-FFDA-4335-B7D9-573FD5303172}.Debug|Any CPU.Build.0 = Debug|Any CPU
		{9EC63488-FFDA-4335-B7D9-573FD5303172}.Release|Any CPU.ActiveCfg = Release|Any CPU
		{9EC63488-FFDA-4335-B7D9-573FD5303172}.Release|Any CPU.Build.0 = Release|Any CPU
	EndGlobalSection
	GlobalSection(SolutionProperties) = preSolution
		HideSolutionNode = FALSE
	EndGlobalSection
	GlobalSection(ExtensibilityGlobals) = postSolution
		SolutionGuid = {C72FEA0F-1BDC-4F45-88BD-8465E4960656}
	EndGlobalSection
EndGlobal
